# This file was autogenerated by Stack.
# You should not edit this file by hand.
# For more information, please see the documentation at:
#   https://docs.haskellstack.org/en/stable/lock_files

packages: []
snapshots:
- completed:
    size: 520054
    url: https://raw.githubusercontent.com/commercialhaskell/stackage-snapshots/master/nightly/2022/3/25.yaml
    sha256: 2c84a2124de70525171f9f6dc92544658c5353e42084e08635b8513d1fa4e6fc
  original: nightly-2022-03-25
