# This file was autogenerated by Stack.
# You should not edit this file by hand.
# For more information, please see the documentation at:
#   https://docs.haskellstack.org/en/stable/lock_files

packages:
- completed:
    hackage: uri-bytestring-aeson-0.1.0.6@sha256:1eb894a87c8dc0fdcf45ad0c1f5caf5f7d87de115faba554b6f1c54550723e6f,1104
    pantry-tree:
      size: 330
      sha256: ae0765da14651ac3af531c81dedc6ebb870f2523fbb22f469e66864cf3daa032
  original:
    hackage: uri-bytestring-aeson-0.1.0.6
snapshots:
- completed:
    size: 504771
    url: https://raw.githubusercontent.com/commercialhaskell/stackage-snapshots/master/lts/12/14.yaml
    sha256: 3cbd6c83316dd5e2bbc756dc7a2a4e31a31859c3f8b5c720efb6850b08e42649
  original: lts-12.14
